// !$*UTF8*$!
{
	archiveVersion = 1;
	classes = {
	};
	objectVersion = 50;
	objects = {

/* Begin PBXBuildFile section */
		68CFBD8723FD664B00BA41C1 /* AppDelegate.swift in Sources */ = {isa = PBXBuildFile; fileRef = 68CFBD8623FD664B00BA41C1 /* AppDelegate.swift */; };
		68CFBD8923FD664B00BA41C1 /* SceneDelegate.swift in Sources */ = {isa = PBXBuildFile; fileRef = 68CFBD8823FD664B00BA41C1 /* SceneDelegate.swift */; };
		68CFBD8B23FD664B00BA41C1 /* ViewController.swift in Sources */ = {isa = PBXBuildFile; fileRef = 68CFBD8A23FD664B00BA41C1 /* ViewController.swift */; };
		68CFBD8E23FD664B00BA41C1 /* Main.storyboard in Resources */ = {isa = PBXBuildFile; fileRef = 68CFBD8C23FD664B00BA41C1 /* Main.storyboard */; };
		68CFBD9023FD664D00BA41C1 /* Assets.xcassets in Resources */ = {isa = PBXBuildFile; fileRef = 68CFBD8F23FD664D00BA41C1 /* Assets.xcassets */; };
		68CFBD9323FD664D00BA41C1 /* LaunchScreen.storyboard in Resources */ = {isa = PBXBuildFile; fileRef = 68CFBD9123FD664D00BA41C1 /* LaunchScreen.storyboard */; };
		68CFBD9E23FD664E00BA41C1 /* lightTests.swift in Sources */ = {isa = PBXBuildFile; fileRef = 68CFBD9D23FD664E00BA41C1 /* lightTests.swift */; };
		68CFBDA923FD664E00BA41C1 /* lightUITests.swift in Sources */ = {isa = PBXBuildFile; fileRef = 68CFBDA823FD664E00BA41C1 /* lightUITests.swift */; };
/* End PBXBuildFile section */

/* Begin PBXContainerItemProxy section */
		68CFBD9A23FD664E00BA41C1 /* PBXContainerItemProxy */ = {
			isa = PBXContainerItemProxy;
			containerPortal = 68CFBD7B23FD664B00BA41C1 /* Project object */;
			proxyType = 1;
			remoteGlobalIDString = 68CFBD8223FD664B00BA41C1;
			remoteInfo = light;
		};
		68CFBDA523FD664E00BA41C1 /* PBXContainerItemProxy */ = {
			isa = PBXContainerItemProxy;
			containerPortal = 68CFBD7B23FD664B00BA41C1 /* Project object */;
			proxyType = 1;
			remoteGlobalIDString = 68CFBD8223FD664B00BA41C1;
			remoteInfo = light;
		};
/* End PBXContainerItemProxy section */

/* Begin PBXFileReference section */
		68CFBD8323FD664B00BA41C1 /* light.app */ = {isa = PBXFileReference; explicitFileType = wrapper.application; includeInIndex = 0; path = light.app; sourceTree = BUILT_PRODUCTS_DIR; };
		68CFBD8623FD664B00BA41C1 /* AppDelegate.swift */ = {isa = PBXFileReference; lastKnownFileType = sourcecode.swift; path = AppDelegate.swift; sourceTree = "<group>"; };
		68CFBD8823FD664B00BA41C1 /* SceneDelegate.swift */ = {isa = PBXFileReference; lastKnownFileType = sourcecode.swift; path = SceneDelegate.swift; sourceTree = "<group>"; };
		68CFBD8A23FD664B00BA41C1 /* ViewController.swift */ = {isa = PBXFileReference; lastKnownFileType = sourcecode.swift; lineEnding = 0; path = ViewController.swift; sourceTree = "<group>"; tabWidth = 4; };
		68CFBD8D23FD664B00BA41C1 /* Base */ = {isa = PBXFileReference; lastKnownFileType = file.storyboard; name = Base; path = Base.lproj/Main.storyboard; sourceTree = "<group>"; };
		68CFBD8F23FD664D00BA41C1 /* Assets.xcassets */ = {isa = PBXFileReference; lastKnownFileType = folder.assetcatalog; path = Assets.xcassets; sourceTree = "<group>"; };
		68CFBD9223FD664D00BA41C1 /* Base */ = {isa = PBXFileReference; lastKnownFileType = file.storyboard; name = Base; path = Base.lproj/LaunchScreen.storyboard; sourceTree = "<group>"; };
		68CFBD9423FD664D00BA41C1 /* Info.plist */ = {isa = PBXFileReference; lastKnownFileType = text.plist.xml; path = Info.plist; sourceTree = "<group>"; };
		68CFBD9923FD664E00BA41C1 /* lightTests.xctest */ = {isa = PBXFileReference; explicitFileType = wrapper.cfbundle; includeInIndex = 0; path = lightTests.xctest; sourceTree = BUILT_PRODUCTS_DIR; };
		68CFBD9D23FD664E00BA41C1 /* lightTests.swift */ = {isa = PBXFileReference; lastKnownFileType = sourcecode.swift; path = lightTests.swift; sourceTree = "<group>"; };
		68CFBD9F23FD664E00BA41C1 /* Info.plist */ = {isa = PBXFileReference; lastKnownFileType = text.plist.xml; path = Info.plist; sourceTree = "<group>"; };
		68CFBDA423FD664E00BA41C1 /* lightUITests.xctest */ = {isa = PBXFileReference; explicitFileType = wrapper.cfbundle; includeInIndex = 0; path = lightUITests.xctest; sourceTree = BUILT_PRODUCTS_DIR; };
		68CFBDA823FD664E00BA41C1 /* lightUITests.swift */ = {isa = PBXFileReference; lastKnownFileType = sourcecode.swift; path = lightUITests.swift; sourceTree = "<group>"; };
		68CFBDAA23FD664E00BA41C1 /* Info.plist */ = {isa = PBXFileReference; lastKnownFileType = text.plist.xml; path = Info.plist; sourceTree = "<group>"; };
/* End PBXFileReference section */

/* Begin PBXFrameworksBuildPhase section */
		68CFBD8023FD664B00BA41C1 /* Frameworks */ = {
			isa = PBXFrameworksBuildPhase;
			buildActionMask = 2147483647;
			files = (
			);
			runOnlyForDeploymentPostprocessing = 0;
		};
		68CFBD9623FD664E00BA41C1 /* Frameworks */ = {
			isa = PBXFrameworksBuildPhase;
			buildActionMask = 2147483647;
			files = (
			);
			runOnlyForDeploymentPostprocessing = 0;
		};
		68CFBDA123FD664E00BA41C1 /* Frameworks */ = {
			isa = PBXFrameworksBuildPhase;
			buildActionMask = 2147483647;
			files = (
			);
			runOnlyForDeploymentPostprocessing = 0;
		};
/* End PBXFrameworksBuildPhase section */

/* Begin PBXGroup section */
		68CFBD7A23FD664B00BA41C1 = {
			isa = PBXGroup;
			children = (
				68CFBD8523FD664B00BA41C1 /* light */,
				68CFBD9C23FD664E00BA41C1 /* lightTests */,
				68CFBDA723FD664E00BA41C1 /* lightUITests */,
				68CFBD8423FD664B00BA41C1 /* Products */,
			);
			sourceTree = "<group>";
		};
		68CFBD8423FD664B00BA41C1 /* Products */ = {
			isa = PBXGroup;
			children = (
				68CFBD8323FD664B00BA41C1 /* light.app */,
				68CFBD9923FD664E00BA41C1 /* lightTests.xctest */,
				68CFBDA423FD664E00BA41C1 /* lightUITests.xctest */,
			);
			name = Products;
			sourceTree = "<group>";
		};
		68CFBD8523FD664B00BA41C1 /* light */ = {
			isa = PBXGroup;
			children = (
				68CFBD8623FD664B00BA41C1 /* AppDelegate.swift */,
				68CFBD8823FD664B00BA41C1 /* SceneDelegate.swift */,
				68CFBD8A23FD664B00BA41C1 /* ViewController.swift */,
				68CFBD8C23FD664B00BA41C1 /* Main.storyboard */,
				68CFBD8F23FD664D00BA41C1 /* Assets.xcassets */,
				68CFBD9123FD664D00BA41C1 /* LaunchScreen.storyboard */,
				68CFBD9423FD664D00BA41C1 /* Info.plist */,
			);
			path = light;
			sourceTree = "<group>";
		};
		68CFBD9C23FD664E00BA41C1 /* lightTests */ = {
			isa = PBXGroup;
			children = (
				68CFBD9D23FD664E00BA41C1 /* lightTests.swift */,
				68CFBD9F23FD664E00BA41C1 /* Info.plist */,
			);
			path = lightTests;
			sourceTree = "<group>";
		};
		68CFBDA723FD664E00BA41C1 /* lightUITests */ = {
			isa = PBXGroup;
			children = (
				68CFBDA823FD664E00BA41C1 /* lightUITests.swift */,
				68CFBDAA23FD664E00BA41C1 /* Info.plist */,
			);
			path = lightUITests;
			sourceTree = "<group>";
		};
/* End PBXGroup section */

/* Begin PBXNativeTarget section */
		68CFBD8223FD664B00BA41C1 /* light */ = {
			isa = PBXNativeTarget;
			buildConfigurationList = 68CFBDAD23FD664E00BA41C1 /* Build configuration list for PBXNativeTarget "light" */;
			buildPhases = (
				68CFBD7F23FD664B00BA41C1 /* Sources */,
				68CFBD8023FD664B00BA41C1 /* Frameworks */,
				68CFBD8123FD664B00BA41C1 /* Resources */,
			);
			buildRules = (
			);
			dependencies = (
			);
			name = light;
			productName = light;
			productReference = 68CFBD8323FD664B00BA41C1 /* light.app */;
			productType = "com.apple.product-type.application";
		};
		68CFBD9823FD664E00BA41C1 /* lightTests */ = {
			isa = PBXNativeTarget;
			buildConfigurationList = 68CFBDB023FD664E00BA41C1 /* Build configuration list for PBXNativeTarget "lightTests" */;
			buildPhases = (
				68CFBD9523FD664E00BA41C1 /* Sources */,
				68CFBD9623FD664E00BA41C1 /* Frameworks */,
				68CFBD9723FD664E00BA41C1 /* Resources */,
			);
			buildRules = (
			);
			dependencies = (
				68CFBD9B23FD664E00BA41C1 /* PBXTargetDependency */,
			);
			name = lightTests;
			productName = lightTests;
			productReference = 68CFBD9923FD664E00BA41C1 /* lightTests.xctest */;
			productType = "com.apple.product-type.bundle.unit-test";
		};
		68CFBDA323FD664E00BA41C1 /* lightUITests */ = {
			isa = PBXNativeTarget;
			buildConfigurationList = 68CFBDB323FD664E00BA41C1 /* Build configuration list for PBXNativeTarget "lightUITests" */;
			buildPhases = (
				68CFBDA023FD664E00BA41C1 /* Sources */,
				68CFBDA123FD664E00BA41C1 /* Frameworks */,
				68CFBDA223FD664E00BA41C1 /* Resources */,
			);
			buildRules = (
			);
			dependencies = (
				68CFBDA623FD664E00BA41C1 /* PBXTargetDependency */,
			);
			name = lightUITests;
			productName = lightUITests;
			productReference = 68CFBDA423FD664E00BA41C1 /* lightUITests.xctest */;
			productType = "com.apple.product-type.bundle.ui-testing";
		};
/* End PBXNativeTarget section */

/* Begin PBXProject section */
		68CFBD7B23FD664B00BA41C1 /* Project object */ = {
			isa = PBXProject;
			attributes = {
				LastSwiftUpdateCheck = 1130;
				LastUpgradeCheck = 1130;
				ORGANIZATIONNAME = PragnyaDesh;
				TargetAttributes = {
					68CFBD8223FD664B00BA41C1 = {
						CreatedOnToolsVersion = 11.3.1;
					};
					68CFBD9823FD664E00BA41C1 = {
						CreatedOnToolsVersion = 11.3.1;
						TestTargetID = 68CFBD8223FD664B00BA41C1;
					};
					68CFBDA323FD664E00BA41C1 = {
						CreatedOnToolsVersion = 11.3.1;
						TestTargetID = 68CFBD8223FD664B00BA41C1;
					};
				};
			};
			buildConfigurationList = 68CFBD7E23FD664B00BA41C1 /* Build configuration list for PBXProject "light" */;
			compatibilityVersion = "Xcode 9.3";
			developmentRegion = en;
			hasScannedForEncodings = 0;
			knownRegions = (
				en,
				Base,
			);
			mainGroup = 68CFBD7A23FD664B00BA41C1;
			productRefGroup = 68CFBD8423FD664B00BA41C1 /* Products */;
			projectDirPath = "";
			projectRoot = "";
			targets = (
				68CFBD8223FD664B00BA41C1 /* light */,
				68CFBD9823FD664E00BA41C1 /* lightTests */,
				68CFBDA323FD664E00BA41C1 /* lightUITests */,
			);
		};
/* End PBXProject section */

/* Begin PBXResourcesBuildPhase section */
		68CFBD8123FD664B00BA41C1 /* Resources */ = {
			isa = PBXResourcesBuildPhase;
			buildActionMask = 2147483647;
			files = (
				68CFBD9323FD664D00BA41C1 /* LaunchScreen.storyboard in Resources */,
				68CFBD9023FD664D00BA41C1 /* Assets.xcassets in Resources */,
				68CFBD8E23FD664B00BA41C1 /* Main.storyboard in Resources */,
			);
			runOnlyForDeploymentPostprocessing = 0;
		};
		68CFBD9723FD664E00BA41C1 /* Resources */ = {
			isa = PBXResourcesBuildPhase;
			buildActionMask = 2147483647;
			files = (
			);
			runOnlyForDeploymentPostprocessing = 0;
		};
		68CFBDA223FD664E00BA41C1 /* Resources */ = {
			isa = PBXResourcesBuildPhase;
			buildActionMask = 2147483647;
			files = (
			);
			runOnlyForDeploymentPostprocessing = 0;
		};
/* End PBXResourcesBuildPhase section */

/* Begin PBXSourcesBuildPhase section */
		68CFBD7F23FD664B00BA41C1 /* Sources */ = {
			isa = PBXSourcesBuildPhase;
			buildActionMask = 2147483647;
			files = (
				68CFBD8B23FD664B00BA41C1 /* ViewController.swift in Sources */,
				68CFBD8723FD664B00BA41C1 /* AppDelegate.swift in Sources */,
				68CFBD8923FD664B00BA41C1 /* SceneDelegate.swift in Sources */,
			);
			runOnlyForDeploymentPostprocessing = 0;
		};
		68CFBD9523FD664E00BA41C1 /* Sources */ = {
			isa = PBXSourcesBuildPhase;
			buildActionMask = 2147483647;
			files = (
				68CFBD9E23FD664E00BA41C1 /* lightTests.swift in Sources */,
			);
			runOnlyForDeploymentPostprocessing = 0;
		};
		68CFBDA023FD664E00BA41C1 /* Sources */ = {
			isa = PBXSourcesBuildPhase;
			buildActionMask = 2147483647;
			files = (
				68CFBDA923FD664E00BA41C1 /* lightUITests.swift in Sources */,
			);
			runOnlyForDeploymentPostprocessing = 0;
		};
/* End PBXSourcesBuildPhase section */

/* Begin PBXTargetDependency section */
		68CFBD9B23FD664E00BA41C1 /* PBXTargetDependency */ = {
			isa = PBXTargetDependency;
			target = 68CFBD8223FD664B00BA41C1 /* light */;
			targetProxy = 68CFBD9A23FD664E00BA41C1 /* PBXContainerItemProxy */;
		};
		68CFBDA623FD664E00BA41C1 /* PBXTargetDependency */ = {
			isa = PBXTargetDependency;
			target = 68CFBD8223FD664B00BA41C1 /* light */;
			targetProxy = 68CFBDA523FD664E00BA41C1 /* PBXContainerItemProxy */;
		};
/* End PBXTargetDependency section */

/* Begin PBXVariantGroup section */
		68CFBD8C23FD664B00BA41C1 /* Main.storyboard */ = {
			isa = PBXVariantGroup;
			children = (
				68CFBD8D23FD664B00BA41C1 /* Base */,
			);
			name = Main.storyboard;
			sourceTree = "<group>";
		};
		68CFBD9123FD664D00BA41C1 /* LaunchScreen.storyboard */ = {
			isa = PBXVariantGroup;
			children = (
				68CFBD9223FD664D00BA41C1 /* Base */,
			);
			name = LaunchScreen.storyboard;
			sourceTree = "<group>";
		};
/* End PBXVariantGroup section */

/* Begin XCBuildConfiguration section */
		68CFBDAB23FD664E00BA41C1 /* Debug */ = {
			isa = XCBuildConfiguration;
			buildSettings = {
				ALWAYS_SEARCH_USER_PATHS = NO;
				CLANG_ANALYZER_NONNULL = YES;
				CLANG_ANALYZER_NUMBER_OBJECT_CONVERSION = YES_AGGRESSIVE;
				CLANG_CXX_LANGUAGE_STANDARD = "gnu++14";
				CLANG_CXX_LIBRARY = "libc++";
				CLANG_ENABLE_MODULES = YES;
				CLANG_ENABLE_OBJC_ARC = YES;
				CLANG_ENABLE_OBJC_WEAK = YES;
				CLANG_WARN_BLOCK_CAPTURE_AUTORELEASING = YES;
				CLANG_WARN_BOOL_CONVERSION = YES;
				CLANG_WARN_COMMA = YES;
				CLANG_WARN_CONSTANT_CONVERSION = YES;
				CLANG_WARN_DEPRECATED_OBJC_IMPLEMENTATIONS = YES;
				CLANG_WARN_DIRECT_OBJC_ISA_USAGE = YES_ERROR;
				CLANG_WARN_DOCUMENTATION_COMMENTS = YES;
				CLANG_WARN_EMPTY_BODY = YES;
				CLANG_WARN_ENUM_CONVERSION = YES;
				CLANG_WARN_INFINITE_RECURSION = YES;
				CLANG_WARN_INT_CONVERSION = YES;
				CLANG_WARN_NON_LITERAL_NULL_CONVERSION = YES;
				CLANG_WARN_OBJC_IMPLICIT_RETAIN_SELF = YES;
				CLANG_WARN_OBJC_LITERAL_CONVERSION = YES;
				CLANG_WARN_OBJC_ROOT_CLASS = YES_ERROR;
				CLANG_WARN_RANGE_LOOP_ANALYSIS = YES;
				CLANG_WARN_STRICT_PROTOTYPES = YES;
				CLANG_WARN_SUSPICIOUS_MOVE = YES;
				CLANG_WARN_UNGUARDED_AVAILABILITY = YES_AGGRESSIVE;
				CLANG_WARN_UNREACHABLE_CODE = YES;
				CLANG_WARN__DUPLICATE_METHOD_MATCH = YES;
				COPY_PHASE_STRIP = NO;
				DEBUG_INFORMATION_FORMAT = dwarf;
				ENABLE_STRICT_OBJC_MSGSEND = YES;
				ENABLE_TESTABILITY = YES;
				GCC_C_LANGUAGE_STANDARD = gnu11;
				GCC_DYNAMIC_NO_PIC = NO;
				GCC_NO_COMMON_BLOCKS = YES;
				GCC_OPTIMIZATION_LEVEL = 0;
				GCC_PREPROCESSOR_DEFINITIONS = (
					"DEBUG=1",
					"$(inherited)",
				);
				GCC_WARN_64_TO_32_BIT_CONVERSION = YES;
				GCC_WARN_ABOUT_RETURN_TYPE = YES_ERROR;
				GCC_WARN_UNDECLARED_SELECTOR = YES;
				GCC_WARN_UNINITIALIZED_AUTOS = YES_AGGRESSIVE;
				GCC_WARN_UNUSED_FUNCTION = YES;
				GCC_WARN_UNUSED_VARIABLE = YES;
				IPHONEOS_DEPLOYMENT_TARGET = 13.2;
				MTL_ENABLE_DEBUG_INFO = INCLUDE_SOURCE;
				MTL_FAST_MATH = YES;
				ONLY_ACTIVE_ARCH = YES;
				SDKROOT = iphoneos;
				SWIFT_ACTIVE_COMPILATION_CONDITIONS = DEBUG;
				SWIFT_OPTIMIZATION_LEVEL = "-Onone";
			};
			name = Debug;
		};
		68CFBDAC23FD664E00BA41C1 /* Release */ = {
			isa = XCBuildConfiguration;
			buildSettings = {
				ALWAYS_SEARCH_USER_PATHS = NO;
				CLANG_ANALYZER_NONNULL = YES;
				CLANG_ANALYZER_NUMBER_OBJECT_CONVERSION = YES_AGGRESSIVE;
				CLANG_CXX_LANGUAGE_STANDARD = "gnu++14";
				CLANG_CXX_LIBRARY = "libc++";
				CLANG_ENABLE_MODULES = YES;
				CLANG_ENABLE_OBJC_ARC = YES;
				CLANG_ENABLE_OBJC_WEAK = YES;
				CLANG_WARN_BLOCK_CAPTURE_AUTORELEASING = YES;
				CLANG_WARN_BOOL_CONVERSION = YES;
				CLANG_WARN_COMMA = YES;
				CLANG_WARN_CONSTANT_CONVERSION = YES;
				CLANG_WARN_DEPRECATED_OBJC_IMPLEMENTATIONS = YES;
				CLANG_WARN_DIRECT_OBJC_ISA_USAGE = YES_ERROR;
				CLANG_WARN_DOCUMENTATION_COMMENTS = YES;
				CLANG_WARN_EMPTY_BODY = YES;
				CLANG_WARN_ENUM_CONVERSION = YES;
				CLANG_WARN_INFINITE_RECURSION = YES;
				CLANG_WARN_INT_CONVERSION = YES;
				CLANG_WARN_NON_LITERAL_NULL_CONVERSION = YES;
				CLANG_WARN_OBJC_IMPLICIT_RETAIN_SELF = YES;
				CLANG_WARN_OBJC_LITERAL_CONVERSION = YES;
				CLANG_WARN_OBJC_ROOT_CLASS = YES_ERROR;
				CLANG_WARN_RANGE_LOOP_ANALYSIS = YES;
				CLANG_WARN_STRICT_PROTOTYPES = YES;
				CLANG_WARN_SUSPICIOUS_MOVE = YES;
				CLANG_WARN_UNGUARDED_AVAILABILITY = YES_AGGRESSIVE;
				CLANG_WARN_UNREACHABLE_CODE = YES;
				CLANG_WARN__DUPLICATE_METHOD_MATCH = YES;
				COPY_PHASE_STRIP = NO;
				DEBUG_INFORMATION_FORMAT = "dwarf-with-dsym";
				ENABLE_NS_ASSERTIONS = NO;
				ENABLE_STRICT_OBJC_MSGSEND = YES;
				GCC_C_LANGUAGE_STANDARD = gnu11;
				GCC_NO_COMMON_BLOCKS = YES;
				GCC_WARN_64_TO_32_BIT_CONVERSION = YES;
				GCC_WARN_ABOUT_RETURN_TYPE = YES_ERROR;
				GCC_WARN_UNDECLARED_SELECTOR = YES;
				GCC_WARN_UNINITIALIZED_AUTOS = YES_AGGRESSIVE;
				GCC_WARN_UNUSED_FUNCTION = YES;
				GCC_WARN_UNUSED_VARIABLE = YES;
				IPHONEOS_DEPLOYMENT_TARGET = 13.2;
				MTL_ENABLE_DEBUG_INFO = NO;
				MTL_FAST_MATH = YES;
				SDKROOT = iphoneos;
				SWIFT_COMPILATION_MODE = wholemodule;
				SWIFT_OPTIMIZATION_LEVEL = "-O";
				VALIDATE_PRODUCT = YES;
			};
			name = Release;
		};
		68CFBDAE23FD664E00BA41C1 /* Debug */ = {
			isa = XCBuildConfiguration;
			buildSettings = {
				ASSETCATALOG_COMPILER_APPICON_NAME = AppIcon;
				CODE_SIGN_STYLE = Automatic;
				DEVELOPMENT_TEAM = 99XSL3B46C;
				INFOPLIST_FILE = light/Info.plist;
				LD_RUNPATH_SEARCH_PATHS = (
					"$(inherited)",
					"@executable_path/Frameworks",
				);
				PRODUCT_BUNDLE_IDENTIFIER = PragnyaDesh.light;
				PRODUCT_NAME = "$(TARGET_NAME)";
				SWIFT_VERSION = 5.0;
				TARGETED_DEVICE_FAMILY = "1,2";
			};
			name = Debug;
		};
		68CFBDAF23FD664E00BA41C1 /* Release */ = {
			isa = XCBuildConfiguration;
			buildSettings = {
				ASSETCATALOG_COMPILER_APPICON_NAME = AppIcon;
				CODE_SIGN_STYLE = Automatic;
				DEVELOPMENT_TEAM = 99XSL3B46C;
				INFOPLIST_FILE = light/Info.plist;
				LD_RUNPATH_SEARCH_PATHS = (
					"$(inherited)",
					"@executable_path/Frameworks",
				);
				PRODUCT_BUNDLE_IDENTIFIER = PragnyaDesh.light;
				PRODUCT_NAME = "$(TARGET_NAME)";
				SWIFT_VERSION = 5.0;
				TARGETED_DEVICE_FAMILY = "1,2";
			};
			name = Release;
		};
		68CFBDB123FD664E00BA41C1 /* Debug */ = {
			isa = XCBuildConfiguration;
			buildSettings = {
				ALWAYS_EMBED_SWIFT_STANDARD_LIBRARIES = YES;
				BUNDLE_LOADER = "$(TEST_HOST)";
				CODE_SIGN_STYLE = Automatic;
				INFOPLIST_FILE = lightTests/Info.plist;
				IPHONEOS_DEPLOYMENT_TARGET = 13.2;
				LD_RUNPATH_SEARCH_PATHS = (
					"$(inherited)",
					"@executable_path/Frameworks",
					"@loader_path/Frameworks",
				);
				PRODUCT_BUNDLE_IDENTIFIER = PragnyaDesh.lightTests;
				PRODUCT_NAME = "$(TARGET_NAME)";
				SWIFT_VERSION = 5.0;
				TARGETED_DEVICE_FAMILY = "1,2";
				TEST_HOST = "$(BUILT_PRODUCTS_DIR)/light.app/light";
			};
			name = Debug;
		};
		68CFBDB223FD664E00BA41C1 /* Release */ = {
			isa = XCBuildConfiguration;
			buildSettings = {
				ALWAYS_EMBED_SWIFT_STANDARD_LIBRARIES = YES;
				BUNDLE_LOADER = "$(TEST_HOST)";
				CODE_SIGN_STYLE = Automatic;
				INFOPLIST_FILE = lightTests/Info.plist;
				IPHONEOS_DEPLOYMENT_TARGET = 13.2;
				LD_RUNPATH_SEARCH_PATHS = (
					"$(inherited)",
					"@executable_path/Frameworks",
					"@loader_path/Frameworks",
				);
				PRODUCT_BUNDLE_IDENTIFIER = PragnyaDesh.lightTests;
				PRODUCT_NAME = "$(TARGET_NAME)";
				SWIFT_VERSION = 5.0;
				TARGETED_DEVICE_FAMILY = "1,2";
				TEST_HOST = "$(BUILT_PRODUCTS_DIR)/light.app/light";
			};
			name = Release;
		};
		68CFBDB423FD664E00BA41C1 /* Debug */ = {
			isa = XCBuildConfiguration;
			buildSettings = {
				ALWAYS_EMBED_SWIFT_STANDARD_LIBRARIES = YES;
				CODE_SIGN_STYLE = Automatic;
				INFOPLIST_FILE = lightUITests/Info.plist;
				LD_RUNPATH_SEARCH_PATHS = (
					"$(inherited)",
					"@executable_path/Frameworks",
					"@loader_path/Frameworks",
				);
				PRODUCT_BUNDLE_IDENTIFIER = PragnyaDesh.lightUITests;
				PRODUCT_NAME = "$(TARGET_NAME)";
				SWIFT_VERSION = 5.0;
				TARGETED_DEVICE_FAMILY = "1,2";
				TEST_TARGET_NAME = light;
			};
			name = Debug;
		};
		68CFBDB523FD664E00BA41C1 /* Release */ = {
			isa = XCBuildConfiguration;
			buildSettings = {
				ALWAYS_EMBED_SWIFT_STANDARD_LIBRARIES = YES;
				CODE_SIGN_STYLE = Automatic;
				INFOPLIST_FILE = lightUITests/Info.plist;
				LD_RUNPATH_SEARCH_PATHS = (
					"$(inherited)",
					"@executable_path/Frameworks",
					"@loader_path/Frameworks",
				);
				PRODUCT_BUNDLE_IDENTIFIER = PragnyaDesh.lightUITests;
				PRODUCT_NAME = "$(TARGET_NAME)";
				SWIFT_VERSION = 5.0;
				TARGETED_DEVICE_FAMILY = "1,2";
				TEST_TARGET_NAME = light;
			};
			name = Release;
		};
/* End XCBuildConfiguration section */

/* Begin XCConfigurationList section */
		68CFBD7E23FD664B00BA41C1 /* Build configuration list for PBXProject "light" */ = {
			isa = XCConfigurationList;
			buildConfigurations = (
				68CFBDAB23FD664E00BA41C1 /* Debug */,
				68CFBDAC23FD664E00BA41C1 /* Release */,
			);
			defaultConfigurationIsVisible = 0;
			defaultConfigurationName = Release;
		};
		68CFBDAD23FD664E00BA41C1 /* Build configuration list for PBXNativeTarget "light" */ = {
			isa = XCConfigurationList;
			buildConfigurations = (
				68CFBDAE23FD664E00BA41C1 /* Debug */,
				68CFBDAF23FD664E00BA41C1 /* Release */,
			);
			defaultConfigurationIsVisible = 0;
			defaultConfigurationName = Release;
		};
		68CFBDB023FD664E00BA41C1 /* Build configuration list for PBXNativeTarget "lightTests" */ = {
			isa = XCConfigurationList;
			buildConfigurations = (
				68CFBDB123FD664E00BA41C1 /* Debug */,
				68CFBDB223FD664E00BA41C1 /* Release */,
			);
			defaultConfigurationIsVisible = 0;
			defaultConfigurationName = Release;
		};
		68CFBDB323FD664E00BA41C1 /* Build configuration list for PBXNativeTarget "lightUITests" */ = {
			isa = XCConfigurationList;
			buildConfigurations = (
				68CFBDB423FD664E00BA41C1 /* Debug */,
				68CFBDB523FD664E00BA41C1 /* Release */,
			);
			defaultConfigurationIsVisible = 0;
			defaultConfigurationName = Release;
		};
/* End XCConfigurationList section */
	};
	rootObject = 68CFBD7B23FD664B00BA41C1 /* Project object */;
}
